
Microsoft Visual Studio Solution File, Format Version 12.00
# Visual Studio Version 17
VisualStudioVersion = 17.2.32602.215
MinimumVisualStudioVersion = 10.0.40219.1
Project("{FAE04EC0-301F-11D3-BF4B-00C04F79EFBC}") = "AddressBook", "AddressBook\AddressBook.csproj", "{F1B91592-8760-488E-8A7A-EB4DE51C5517}"
EndProject
Global
	GlobalSection(SolutionConfigurationPlatforms) = preSolution
		Debug|Any CPU = Debug|Any CPU
		Release|Any CPU = Release|Any CPU
	EndGlobalSection
	GlobalSection(ProjectConfigurationPlatforms) = postSolution
		{F1B91592-8760-488E-8A7A-EB4DE51C5517}.Debug|Any CPU.ActiveCfg = Debug|Any CPU
		{F1B91592-8760-488E-8A7A-EB4DE51C5517}.Debug|Any CPU.Build.0 = Debug|Any CPU
		{F1B91592-8760-488E-8A7A-EB4DE51C5517}.Release|Any CPU.ActiveCfg = Release|Any CPU
		{F1B91592-8760-488E-8A7A-EB4DE51C5517}.Release|Any CPU.Build.0 = Release|Any CPU
	EndGlobalSection
	GlobalSection(SolutionProperties) = preSolution
		HideSolutionNode = FALSE
	EndGlobalSection
	GlobalSection(ExtensibilityGlobals) = postSolution
		SolutionGuid = {9545E690-8840-4FF2-A1CB-C18AF77FCB33}
	EndGlobalSection
EndGlobal
